
Microsoft Visual Studio Solution File, Format Version 12.00
# Visual Studio Version 16
VisualStudioVersion = 16.0.31105.61
MinimumVisualStudioVersion = 10.0.40219.1
Project("{FAE04EC0-301F-11D3-BF4B-00C04F79EFBC}") = "SamuraiApp.Domain", "SamuraiApp.Domain\SamuraiApp.Domain.csproj", "{AB843D5F-A13F-4739-A3B4-DAAA3C2B56CA}"
EndProject
Project("{FAE04EC0-301F-11D3-BF4B-00C04F79EFBC}") = "SamuraiApp.Data", "SamuraiApp.Data\SamuraiApp.Data.csproj", "{F4D11E3E-26FD-45CD-912B-327A4FF0D97C}"
EndProject
Project("{FAE04EC0-301F-11D3-BF4B-00C04F79EFBC}") = "SamuraiApp.UI", "SamuraiApp.UI\SamuraiApp.UI.csproj", "{D705DF34-6588-4E83-9940-A4A9F3D1A581}"
EndProject
Global
	GlobalSection(SolutionConfigurationPlatforms) = preSolution
		Debug|Any CPU = Debug|Any CPU
		Release|Any CPU = Release|Any CPU
	EndGlobalSection
	GlobalSection(ProjectConfigurationPlatforms) = postSolution
		{AB843D5F-A13F-4739-A3B4-DAAA3C2B56CA}.Debug|Any CPU.ActiveCfg = Debug|Any CPU
		{AB843D5F-A13F-4739-A3B4-DAAA3C2B56CA}.Debug|Any CPU.Build.0 = Debug|Any CPU
		{AB843D5F-A13F-4739-A3B4-DAAA3C2B56CA}.Release|Any CPU.ActiveCfg = Release|Any CPU
		{AB843D5F-A13F-4739-A3B4-DAAA3C2B56CA}.Release|Any CPU.Build.0 = Release|Any CPU
		{F4D11E3E-26FD-45CD-912B-327A4FF0D97C}.Debug|Any CPU.ActiveCfg = Debug|Any CPU
		{F4D11E3E-26FD-45CD-912B-327A4FF0D97C}.Debug|Any CPU.Build.0 = Debug|Any CPU
		{F4D11E3E-26FD-45CD-912B-327A4FF0D97C}.Release|Any CPU.ActiveCfg = Release|Any CPU
		{F4D11E3E-26FD-45CD-912B-327A4FF0D97C}.Release|Any CPU.Build.0 = Release|Any CPU
		{D705DF34-6588-4E83-9940-A4A9F3D1A581}.Debug|Any CPU.ActiveCfg = Debug|Any CPU
		{D705DF34-6588-4E83-9940-A4A9F3D1A581}.Debug|Any CPU.Build.0 = Debug|Any CPU
		{D705DF34-6588-4E83-9940-A4A9F3D1A581}.Release|Any CPU.ActiveCfg = Release|Any CPU
		{D705DF34-6588-4E83-9940-A4A9F3D1A581}.Release|Any CPU.Build.0 = Release|Any CPU
	EndGlobalSection
	GlobalSection(SolutionProperties) = preSolution
		HideSolutionNode = FALSE
	EndGlobalSection
	GlobalSection(ExtensibilityGlobals) = postSolution
		SolutionGuid = {DD6E7853-D721-49E8-99B7-C00750659504}
	EndGlobalSection
EndGlobal
